// !$*UTF8*$!
{
	archiveVersion = 1;
	classes = {
	};
	objectVersion = 50;
	objects = {

/* Begin PBXBuildFile section */
		7EF734942248CC6E00AF71D9 /* AppDelegate.m in Sources */ = {isa = PBXBuildFile; fileRef = 7EF734932248CC6E00AF71D9 /* AppDelegate.m */; };
		7EF734972248CC6E00AF71D9 /* ViewController.m in Sources */ = {isa = PBXBuildFile; fileRef = 7EF734962248CC6E00AF71D9 /* ViewController.m */; };
		7EF7349A2248CC6E00AF71D9 /* Main.storyboard in Resources */ = {isa = PBXBuildFile; fileRef = 7EF734982248CC6E00AF71D9 /* Main.storyboard */; };
		7EF7349C2248CC6F00AF71D9 /* Assets.xcassets in Resources */ = {isa = PBXBuildFile; fileRef = 7EF7349B2248CC6F00AF71D9 /* Assets.xcassets */; };
		7EF7349F2248CC6F00AF71D9 /* LaunchScreen.storyboard in Resources */ = {isa = PBXBuildFile; fileRef = 7EF7349D2248CC6F00AF71D9 /* LaunchScreen.storyboard */; };
		7EF734A22248CC6F00AF71D9 /* main.m in Sources */ = {isa = PBXBuildFile; fileRef = 7EF734A12248CC6F00AF71D9 /* main.m */; };
		7EF734AC2248CC6F00AF71D9 /* LHExpandMenuViewTests.m in Sources */ = {isa = PBXBuildFile; fileRef = 7EF734AB2248CC6F00AF71D9 /* LHExpandMenuViewTests.m */; };
		7EF734B72248CC6F00AF71D9 /* LHExpandMenuViewUITests.m in Sources */ = {isa = PBXBuildFile; fileRef = 7EF734B62248CC6F00AF71D9 /* LHExpandMenuViewUITests.m */; };
/* End PBXBuildFile section */

/* Begin PBXContainerItemProxy section */
		7EF734A82248CC6F00AF71D9 /* PBXContainerItemProxy */ = {
			isa = PBXContainerItemProxy;
			containerPortal = 7EF734872248CC6E00AF71D9 /* Project object */;
			proxyType = 1;
			remoteGlobalIDString = 7EF7348E2248CC6E00AF71D9;
			remoteInfo = LHExpandMenuView;
		};
		7EF734B32248CC6F00AF71D9 /* PBXContainerItemProxy */ = {
			isa = PBXContainerItemProxy;
			containerPortal = 7EF734872248CC6E00AF71D9 /* Project object */;
			proxyType = 1;
			remoteGlobalIDString = 7EF7348E2248CC6E00AF71D9;
			remoteInfo = LHExpandMenuView;
		};
/* End PBXContainerItemProxy section */

/* Begin PBXFileReference section */
		7EF7348F2248CC6E00AF71D9 /* LHExpandMenuView.app */ = {isa = PBXFileReference; explicitFileType = wrapper.application; includeInIndex = 0; path = LHExpandMenuView.app; sourceTree = BUILT_PRODUCTS_DIR; };
		7EF734922248CC6E00AF71D9 /* AppDelegate.h */ = {isa = PBXFileReference; lastKnownFileType = sourcecode.c.h; path = AppDelegate.h; sourceTree = "<group>"; };
		7EF734932248CC6E00AF71D9 /* AppDelegate.m */ = {isa = PBXFileReference; lastKnownFileType = sourcecode.c.objc; path = AppDelegate.m; sourceTree = "<group>"; };
		7EF734952248CC6E00AF71D9 /* ViewController.h */ = {isa = PBXFileReference; lastKnownFileType = sourcecode.c.h; path = ViewController.h; sourceTree = "<group>"; };
		7EF734962248CC6E00AF71D9 /* ViewController.m */ = {isa = PBXFileReference; lastKnownFileType = sourcecode.c.objc; path = ViewController.m; sourceTree = "<group>"; };
		7EF734992248CC6E00AF71D9 /* Base */ = {isa = PBXFileReference; lastKnownFileType = file.storyboard; name = Base; path = Base.lproj/Main.storyboard; sourceTree = "<group>"; };
		7EF7349B2248CC6F00AF71D9 /* Assets.xcassets */ = {isa = PBXFileReference; lastKnownFileType = folder.assetcatalog; path = Assets.xcassets; sourceTree = "<group>"; };
		7EF7349E2248CC6F00AF71D9 /* Base */ = {isa = PBXFileReference; lastKnownFileType = file.storyboard; name = Base; path = Base.lproj/LaunchScreen.storyboard; sourceTree = "<group>"; };
		7EF734A02248CC6F00AF71D9 /* Info.plist */ = {isa = PBXFileReference; lastKnownFileType = text.plist.xml; path = Info.plist; sourceTree = "<group>"; };
		7EF734A12248CC6F00AF71D9 /* main.m */ = {isa = PBXFileReference; lastKnownFileType = sourcecode.c.objc; path = main.m; sourceTree = "<group>"; };
		7EF734A72248CC6F00AF71D9 /* LHExpandMenuViewTests.xctest */ = {isa = PBXFileReference; explicitFileType = wrapper.cfbundle; includeInIndex = 0; path = LHExpandMenuViewTests.xctest; sourceTree = BUILT_PRODUCTS_DIR; };
		7EF734AB2248CC6F00AF71D9 /* LHExpandMenuViewTests.m */ = {isa = PBXFileReference; lastKnownFileType = sourcecode.c.objc; path = LHExpandMenuViewTests.m; sourceTree = "<group>"; };
		7EF734AD2248CC6F00AF71D9 /* Info.plist */ = {isa = PBXFileReference; lastKnownFileType = text.plist.xml; path = Info.plist; sourceTree = "<group>"; };
		7EF734B22248CC6F00AF71D9 /* LHExpandMenuViewUITests.xctest */ = {isa = PBXFileReference; explicitFileType = wrapper.cfbundle; includeInIndex = 0; path = LHExpandMenuViewUITests.xctest; sourceTree = BUILT_PRODUCTS_DIR; };
		7EF734B62248CC6F00AF71D9 /* LHExpandMenuViewUITests.m */ = {isa = PBXFileReference; lastKnownFileType = sourcecode.c.objc; path = LHExpandMenuViewUITests.m; sourceTree = "<group>"; };
		7EF734B82248CC6F00AF71D9 /* Info.plist */ = {isa = PBXFileReference; lastKnownFileType = text.plist.xml; path = Info.plist; sourceTree = "<group>"; };
/* End PBXFileReference section */

/* Begin PBXFrameworksBuildPhase section */
		7EF7348C2248CC6E00AF71D9 /* Frameworks */ = {
			isa = PBXFrameworksBuildPhase;
			buildActionMask = 2147483647;
			files = (
			);
			runOnlyForDeploymentPostprocessing = 0;
		};
		7EF734A42248CC6F00AF71D9 /* Frameworks */ = {
			isa = PBXFrameworksBuildPhase;
			buildActionMask = 2147483647;
			files = (
			);
			runOnlyForDeploymentPostprocessing = 0;
		};
		7EF734AF2248CC6F00AF71D9 /* Frameworks */ = {
			isa = PBXFrameworksBuildPhase;
			buildActionMask = 2147483647;
			files = (
			);
			runOnlyForDeploymentPostprocessing = 0;
		};
/* End PBXFrameworksBuildPhase section */

/* Begin PBXGroup section */
		7EF734862248CC6E00AF71D9 = {
			isa = PBXGroup;
			children = (
				7EF734912248CC6E00AF71D9 /* LHExpandMenuView */,
				7EF734AA2248CC6F00AF71D9 /* LHExpandMenuViewTests */,
				7EF734B52248CC6F00AF71D9 /* LHExpandMenuViewUITests */,
				7EF734902248CC6E00AF71D9 /* Products */,
			);
			sourceTree = "<group>";
		};
		7EF734902248CC6E00AF71D9 /* Products */ = {
			isa = PBXGroup;
			children = (
				7EF7348F2248CC6E00AF71D9 /* LHExpandMenuView.app */,
				7EF734A72248CC6F00AF71D9 /* LHExpandMenuViewTests.xctest */,
				7EF734B22248CC6F00AF71D9 /* LHExpandMenuViewUITests.xctest */,
			);
			name = Products;
			sourceTree = "<group>";
		};
		7EF734912248CC6E00AF71D9 /* LHExpandMenuView */ = {
			isa = PBXGroup;
			children = (
				7EF734922248CC6E00AF71D9 /* AppDelegate.h */,
				7EF734932248CC6E00AF71D9 /* AppDelegate.m */,
				7EF734952248CC6E00AF71D9 /* ViewController.h */,
				7EF734962248CC6E00AF71D9 /* ViewController.m */,
				7EF734982248CC6E00AF71D9 /* Main.storyboard */,
				7EF7349B2248CC6F00AF71D9 /* Assets.xcassets */,
				7EF7349D2248CC6F00AF71D9 /* LaunchScreen.storyboard */,
				7EF734A02248CC6F00AF71D9 /* Info.plist */,
				7EF734A12248CC6F00AF71D9 /* main.m */,
			);
			path = LHExpandMenuView;
			sourceTree = "<group>";
		};
		7EF734AA2248CC6F00AF71D9 /* LHExpandMenuViewTests */ = {
			isa = PBXGroup;
			children = (
				7EF734AB2248CC6F00AF71D9 /* LHExpandMenuViewTests.m */,
				7EF734AD2248CC6F00AF71D9 /* Info.plist */,
			);
			path = LHExpandMenuViewTests;
			sourceTree = "<group>";
		};
		7EF734B52248CC6F00AF71D9 /* LHExpandMenuViewUITests */ = {
			isa = PBXGroup;
			children = (
				7EF734B62248CC6F00AF71D9 /* LHExpandMenuViewUITests.m */,
				7EF734B82248CC6F00AF71D9 /* Info.plist */,
			);
			path = LHExpandMenuViewUITests;
			sourceTree = "<group>";
		};
/* End PBXGroup section */

/* Begin PBXNativeTarget section */
		7EF7348E2248CC6E00AF71D9 /* LHExpandMenuView */ = {
			isa = PBXNativeTarget;
			buildConfigurationList = 7EF734BB2248CC6F00AF71D9 /* Build configuration list for PBXNativeTarget "LHExpandMenuView" */;
			buildPhases = (
				7EF7348B2248CC6E00AF71D9 /* Sources */,
				7EF7348C2248CC6E00AF71D9 /* Frameworks */,
				7EF7348D2248CC6E00AF71D9 /* Resources */,
			);
			buildRules = (
			);
			dependencies = (
			);
			name = LHExpandMenuView;
			productName = LHExpandMenuView;
			productReference = 7EF7348F2248CC6E00AF71D9 /* LHExpandMenuView.app */;
			productType = "com.apple.product-type.application";
		};
		7EF734A62248CC6F00AF71D9 /* LHExpandMenuViewTests */ = {
			isa = PBXNativeTarget;
			buildConfigurationList = 7EF734BE2248CC6F00AF71D9 /* Build configuration list for PBXNativeTarget "LHExpandMenuViewTests" */;
			buildPhases = (
				7EF734A32248CC6F00AF71D9 /* Sources */,
				7EF734A42248CC6F00AF71D9 /* Frameworks */,
				7EF734A52248CC6F00AF71D9 /* Resources */,
			);
			buildRules = (
			);
			dependencies = (
				7EF734A92248CC6F00AF71D9 /* PBXTargetDependency */,
			);
			name = LHExpandMenuViewTests;
			productName = LHExpandMenuViewTests;
			productReference = 7EF734A72248CC6F00AF71D9 /* LHExpandMenuViewTests.xctest */;
			productType = "com.apple.product-type.bundle.unit-test";
		};
		7EF734B12248CC6F00AF71D9 /* LHExpandMenuViewUITests */ = {
			isa = PBXNativeTarget;
			buildConfigurationList = 7EF734C12248CC6F00AF71D9 /* Build configuration list for PBXNativeTarget "LHExpandMenuViewUITests" */;
			buildPhases = (
				7EF734AE2248CC6F00AF71D9 /* Sources */,
				7EF734AF2248CC6F00AF71D9 /* Frameworks */,
				7EF734B02248CC6F00AF71D9 /* Resources */,
			);
			buildRules = (
			);
			dependencies = (
				7EF734B42248CC6F00AF71D9 /* PBXTargetDependency */,
			);
			name = LHExpandMenuViewUITests;
			productName = LHExpandMenuViewUITests;
			productReference = 7EF734B22248CC6F00AF71D9 /* LHExpandMenuViewUITests.xctest */;
			productType = "com.apple.product-type.bundle.ui-testing";
		};
/* End PBXNativeTarget section */

/* Begin PBXProject section */
		7EF734872248CC6E00AF71D9 /* Project object */ = {
			isa = PBXProject;
			attributes = {
				LastUpgradeCheck = 1010;
				ORGANIZATIONNAME = lingbin;
				TargetAttributes = {
					7EF7348E2248CC6E00AF71D9 = {
						CreatedOnToolsVersion = 10.1;
					};
					7EF734A62248CC6F00AF71D9 = {
						CreatedOnToolsVersion = 10.1;
						TestTargetID = 7EF7348E2248CC6E00AF71D9;
					};
					7EF734B12248CC6F00AF71D9 = {
						CreatedOnToolsVersion = 10.1;
						TestTargetID = 7EF7348E2248CC6E00AF71D9;
					};
				};
			};
			buildConfigurationList = 7EF7348A2248CC6E00AF71D9 /* Build configuration list for PBXProject "LHExpandMenuView" */;
			compatibilityVersion = "Xcode 9.3";
			developmentRegion = en;
			hasScannedForEncodings = 0;
			knownRegions = (
				en,
				Base,
			);
			mainGroup = 7EF734862248CC6E00AF71D9;
			productRefGroup = 7EF734902248CC6E00AF71D9 /* Products */;
			projectDirPath = "";
			projectRoot = "";
			targets = (
				7EF7348E2248CC6E00AF71D9 /* LHExpandMenuView */,
				7EF734A62248CC6F00AF71D9 /* LHExpandMenuViewTests */,
				7EF734B12248CC6F00AF71D9 /* LHExpandMenuViewUITests */,
			);
		};
/* End PBXProject section */

/* Begin PBXResourcesBuildPhase section */
		7EF7348D2248CC6E00AF71D9 /* Resources */ = {
			isa = PBXResourcesBuildPhase;
			buildActionMask = 2147483647;
			files = (
				7EF7349F2248CC6F00AF71D9 /* LaunchScreen.storyboard in Resources */,
				7EF7349C2248CC6F00AF71D9 /* Assets.xcassets in Resources */,
				7EF7349A2248CC6E00AF71D9 /* Main.storyboard in Resources */,
			);
			runOnlyForDeploymentPostprocessing = 0;
		};
		7EF734A52248CC6F00AF71D9 /* Resources */ = {
			isa = PBXResourcesBuildPhase;
			buildActionMask = 2147483647;
			files = (
			);
			runOnlyForDeploymentPostprocessing = 0;
		};
		7EF734B02248CC6F00AF71D9 /* Resources */ = {
			isa = PBXResourcesBuildPhase;
			buildActionMask = 2147483647;
			files = (
			);
			runOnlyForDeploymentPostprocessing = 0;
		};
/* End PBXResourcesBuildPhase section */

/* Begin PBXSourcesBuildPhase section */
		7EF7348B2248CC6E00AF71D9 /* Sources */ = {
			isa = PBXSourcesBuildPhase;
			buildActionMask = 2147483647;
			files = (
				7EF734972248CC6E00AF71D9 /* ViewController.m in Sources */,
				7EF734A22248CC6F00AF71D9 /* main.m in Sources */,
				7EF734942248CC6E00AF71D9 /* AppDelegate.m in Sources */,
			);
			runOnlyForDeploymentPostprocessing = 0;
		};
		7EF734A32248CC6F00AF71D9 /* Sources */ = {
			isa = PBXSourcesBuildPhase;
			buildActionMask = 2147483647;
			files = (
				7EF734AC2248CC6F00AF71D9 /* LHExpandMenuViewTests.m in Sources */,
			);
			runOnlyForDeploymentPostprocessing = 0;
		};
		7EF734AE2248CC6F00AF71D9 /* Sources */ = {
			isa = PBXSourcesBuildPhase;
			buildActionMask = 2147483647;
			files = (
				7EF734B72248CC6F00AF71D9 /* LHExpandMenuViewUITests.m in Sources */,
			);
			runOnlyForDeploymentPostprocessing = 0;
		};
/* End PBXSourcesBuildPhase section */

/* Begin PBXTargetDependency section */
		7EF734A92248CC6F00AF71D9 /* PBXTargetDependency */ = {
			isa = PBXTargetDependency;
			target = 7EF7348E2248CC6E00AF71D9 /* LHExpandMenuView */;
			targetProxy = 7EF734A82248CC6F00AF71D9 /* PBXContainerItemProxy */;
		};
		7EF734B42248CC6F00AF71D9 /* PBXTargetDependency */ = {
			isa = PBXTargetDependency;
			target = 7EF7348E2248CC6E00AF71D9 /* LHExpandMenuView */;
			targetProxy = 7EF734B32248CC6F00AF71D9 /* PBXContainerItemProxy */;
		};
/* End PBXTargetDependency section */

/* Begin PBXVariantGroup section */
		7EF734982248CC6E00AF71D9 /* Main.storyboard */ = {
			isa = PBXVariantGroup;
			children = (
				7EF734992248CC6E00AF71D9 /* Base */,
			);
			name = Main.storyboard;
			sourceTree = "<group>";
		};
		7EF7349D2248CC6F00AF71D9 /* LaunchScreen.storyboard */ = {
			isa = PBXVariantGroup;
			children = (
				7EF7349E2248CC6F00AF71D9 /* Base */,
			);
			name = LaunchScreen.storyboard;
			sourceTree = "<group>";
		};
/* End PBXVariantGroup section */

/* Begin XCBuildConfiguration section */
		7EF734B92248CC6F00AF71D9 /* Debug */ = {
			isa = XCBuildConfiguration;
			buildSettings = {
				ALWAYS_SEARCH_USER_PATHS = NO;
				CLANG_ANALYZER_NONNULL = YES;
				CLANG_ANALYZER_NUMBER_OBJECT_CONVERSION = YES_AGGRESSIVE;
				CLANG_CXX_LANGUAGE_STANDARD = "gnu++14";
				CLANG_CXX_LIBRARY = "libc++";
				CLANG_ENABLE_MODULES = YES;
				CLANG_ENABLE_OBJC_ARC = YES;
				CLANG_ENABLE_OBJC_WEAK = YES;
				CLANG_WARN_BLOCK_CAPTURE_AUTORELEASING = YES;
				CLANG_WARN_BOOL_CONVERSION = YES;
				CLANG_WARN_COMMA = YES;
				CLANG_WARN_CONSTANT_CONVERSION = YES;
				CLANG_WARN_DEPRECATED_OBJC_IMPLEMENTATIONS = YES;
				CLANG_WARN_DIRECT_OBJC_ISA_USAGE = YES_ERROR;
				CLANG_WARN_DOCUMENTATION_COMMENTS = YES;
				CLANG_WARN_EMPTY_BODY = YES;
				CLANG_WARN_ENUM_CONVERSION = YES;
				CLANG_WARN_INFINITE_RECURSION = YES;
				CLANG_WARN_INT_CONVERSION = YES;
				CLANG_WARN_NON_LITERAL_NULL_CONVERSION = YES;
				CLANG_WARN_OBJC_IMPLICIT_RETAIN_SELF = YES;
				CLANG_WARN_OBJC_LITERAL_CONVERSION = YES;
				CLANG_WARN_OBJC_ROOT_CLASS = YES_ERROR;
				CLANG_WARN_RANGE_LOOP_ANALYSIS = YES;
				CLANG_WARN_STRICT_PROTOTYPES = YES;
				CLANG_WARN_SUSPICIOUS_MOVE = YES;
				CLANG_WARN_UNGUARDED_AVAILABILITY = YES_AGGRESSIVE;
				CLANG_WARN_UNREACHABLE_CODE = YES;
				CLANG_WARN__DUPLICATE_METHOD_MATCH = YES;
				CODE_SIGN_IDENTITY = "iPhone Developer";
				COPY_PHASE_STRIP = NO;
				DEBUG_INFORMATION_FORMAT = dwarf;
				ENABLE_STRICT_OBJC_MSGSEND = YES;
				ENABLE_TESTABILITY = YES;
				GCC_C_LANGUAGE_STANDARD = gnu11;
				GCC_DYNAMIC_NO_PIC = NO;
				GCC_NO_COMMON_BLOCKS = YES;
				GCC_OPTIMIZATION_LEVEL = 0;
				GCC_PREPROCESSOR_DEFINITIONS = (
					"DEBUG=1",
					"$(inherited)",
				);
				GCC_WARN_64_TO_32_BIT_CONVERSION = YES;
				GCC_WARN_ABOUT_RETURN_TYPE = YES_ERROR;
				GCC_WARN_UNDECLARED_SELECTOR = YES;
				GCC_WARN_UNINITIALIZED_AUTOS = YES_AGGRESSIVE;
				GCC_WARN_UNUSED_FUNCTION = YES;
				GCC_WARN_UNUSED_VARIABLE = YES;
				IPHONEOS_DEPLOYMENT_TARGET = 12.1;
				MTL_ENABLE_DEBUG_INFO = INCLUDE_SOURCE;
				MTL_FAST_MATH = YES;
				ONLY_ACTIVE_ARCH = YES;
				SDKROOT = iphoneos;
			};
			name = Debug;
		};
		7EF734BA2248CC6F00AF71D9 /* Release */ = {
			isa = XCBuildConfiguration;
			buildSettings = {
				ALWAYS_SEARCH_USER_PATHS = NO;
				CLANG_ANALYZER_NONNULL = YES;
				CLANG_ANALYZER_NUMBER_OBJECT_CONVERSION = YES_AGGRESSIVE;
				CLANG_CXX_LANGUAGE_STANDARD = "gnu++14";
				CLANG_CXX_LIBRARY = "libc++";
				CLANG_ENABLE_MODULES = YES;
				CLANG_ENABLE_OBJC_ARC = YES;
				CLANG_ENABLE_OBJC_WEAK = YES;
				CLANG_WARN_BLOCK_CAPTURE_AUTORELEASING = YES;
				CLANG_WARN_BOOL_CONVERSION = YES;
				CLANG_WARN_COMMA = YES;
				CLANG_WARN_CONSTANT_CONVERSION = YES;
				CLANG_WARN_DEPRECATED_OBJC_IMPLEMENTATIONS = YES;
				CLANG_WARN_DIRECT_OBJC_ISA_USAGE = YES_ERROR;
				CLANG_WARN_DOCUMENTATION_COMMENTS = YES;
				CLANG_WARN_EMPTY_BODY = YES;
				CLANG_WARN_ENUM_CONVERSION = YES;
				CLANG_WARN_INFINITE_RECURSION = YES;
				CLANG_WARN_INT_CONVERSION = YES;
				CLANG_WARN_NON_LITERAL_NULL_CONVERSION = YES;
				CLANG_WARN_OBJC_IMPLICIT_RETAIN_SELF = YES;
				CLANG_WARN_OBJC_LITERAL_CONVERSION = YES;
				CLANG_WARN_OBJC_ROOT_CLASS = YES_ERROR;
				CLANG_WARN_RANGE_LOOP_ANALYSIS = YES;
				CLANG_WARN_STRICT_PROTOTYPES = YES;
				CLANG_WARN_SUSPICIOUS_MOVE = YES;
				CLANG_WARN_UNGUARDED_AVAILABILITY = YES_AGGRESSIVE;
				CLANG_WARN_UNREACHABLE_CODE = YES;
				CLANG_WARN__DUPLICATE_METHOD_MATCH = YES;
				CODE_SIGN_IDENTITY = "iPhone Developer";
				COPY_PHASE_STRIP = NO;
				DEBUG_INFORMATION_FORMAT = "dwarf-with-dsym";
				ENABLE_NS_ASSERTIONS = NO;
				ENABLE_STRICT_OBJC_MSGSEND = YES;
				GCC_C_LANGUAGE_STANDARD = gnu11;
				GCC_NO_COMMON_BLOCKS = YES;
				GCC_WARN_64_TO_32_BIT_CONVERSION = YES;
				GCC_WARN_ABOUT_RETURN_TYPE = YES_ERROR;
				GCC_WARN_UNDECLARED_SELECTOR = YES;
				GCC_WARN_UNINITIALIZED_AUTOS = YES_AGGRESSIVE;
				GCC_WARN_UNUSED_FUNCTION = YES;
				GCC_WARN_UNUSED_VARIABLE = YES;
				IPHONEOS_DEPLOYMENT_TARGET = 12.1;
				MTL_ENABLE_DEBUG_INFO = NO;
				MTL_FAST_MATH = YES;
				SDKROOT = iphoneos;
				VALIDATE_PRODUCT = YES;
			};
			name = Release;
		};
		7EF734BC2248CC6F00AF71D9 /* Debug */ = {
			isa = XCBuildConfiguration;
			buildSettings = {
				ASSETCATALOG_COMPILER_APPICON_NAME = AppIcon;
				CODE_SIGN_STYLE = Automatic;
				DEVELOPMENT_TEAM = GTFMD946B3;
				INFOPLIST_FILE = LHExpandMenuView/Info.plist;
				LD_RUNPATH_SEARCH_PATHS = (
					"$(inherited)",
					"@executable_path/Frameworks",
				);
				PRODUCT_BUNDLE_IDENTIFIER = com.ling.www.LHExpandMenuView;
				PRODUCT_NAME = "$(TARGET_NAME)";
				TARGETED_DEVICE_FAMILY = "1,2";
			};
			name = Debug;
		};
		7EF734BD2248CC6F00AF71D9 /* Release */ = {
			isa = XCBuildConfiguration;
			buildSettings = {
				ASSETCATALOG_COMPILER_APPICON_NAME = AppIcon;
				CODE_SIGN_STYLE = Automatic;
				DEVELOPMENT_TEAM = GTFMD946B3;
				INFOPLIST_FILE = LHExpandMenuView/Info.plist;
				LD_RUNPATH_SEARCH_PATHS = (
					"$(inherited)",
					"@executable_path/Frameworks",
				);
				PRODUCT_BUNDLE_IDENTIFIER = com.ling.www.LHExpandMenuView;
				PRODUCT_NAME = "$(TARGET_NAME)";
				TARGETED_DEVICE_FAMILY = "1,2";
			};
			name = Release;
		};
		7EF734BF2248CC6F00AF71D9 /* Debug */ = {
			isa = XCBuildConfiguration;
			buildSettings = {
				BUNDLE_LOADER = "$(TEST_HOST)";
				CODE_SIGN_STYLE = Automatic;
				DEVELOPMENT_TEAM = GTFMD946B3;
				INFOPLIST_FILE = LHExpandMenuViewTests/Info.plist;
				LD_RUNPATH_SEARCH_PATHS = (
					"$(inherited)",
					"@executable_path/Frameworks",
					"@loader_path/Frameworks",
				);
				PRODUCT_BUNDLE_IDENTIFIER = com.ling.www.LHExpandMenuViewTests;
				PRODUCT_NAME = "$(TARGET_NAME)";
				TARGETED_DEVICE_FAMILY = "1,2";
				TEST_HOST = "$(BUILT_PRODUCTS_DIR)/LHExpandMenuView.app/LHExpandMenuView";
			};
			name = Debug;
		};
		7EF734C02248CC6F00AF71D9 /* Release */ = {
			isa = XCBuildConfiguration;
			buildSettings = {
				BUNDLE_LOADER = "$(TEST_HOST)";
				CODE_SIGN_STYLE = Automatic;
				DEVELOPMENT_TEAM = GTFMD946B3;
				INFOPLIST_FILE = LHExpandMenuViewTests/Info.plist;
				LD_RUNPATH_SEARCH_PATHS = (
					"$(inherited)",
					"@executable_path/Frameworks",
					"@loader_path/Frameworks",
				);
				PRODUCT_BUNDLE_IDENTIFIER = com.ling.www.LHExpandMenuViewTests;
				PRODUCT_NAME = "$(TARGET_NAME)";
				TARGETED_DEVICE_FAMILY = "1,2";
				TEST_HOST = "$(BUILT_PRODUCTS_DIR)/LHExpandMenuView.app/LHExpandMenuView";
			};
			name = Release;
		};
		7EF734C22248CC6F00AF71D9 /* Debug */ = {
			isa = XCBuildConfiguration;
			buildSettings = {
				CODE_SIGN_STYLE = Automatic;
				DEVELOPMENT_TEAM = GTFMD946B3;
				INFOPLIST_FILE = LHExpandMenuViewUITests/Info.plist;
				LD_RUNPATH_SEARCH_PATHS = (
					"$(inherited)",
					"@executable_path/Frameworks",
					"@loader_path/Frameworks",
				);
				PRODUCT_BUNDLE_IDENTIFIER = com.ling.www.LHExpandMenuViewUITests;
				PRODUCT_NAME = "$(TARGET_NAME)";
				TARGETED_DEVICE_FAMILY = "1,2";
				TEST_TARGET_NAME = LHExpandMenuView;
			};
			name = Debug;
		};
		7EF734C32248CC6F00AF71D9 /* Release */ = {
			isa = XCBuildConfiguration;
			buildSettings = {
				CODE_SIGN_STYLE = Automatic;
				DEVELOPMENT_TEAM = GTFMD946B3;
				INFOPLIST_FILE = LHExpandMenuViewUITests/Info.plist;
				LD_RUNPATH_SEARCH_PATHS = (
					"$(inherited)",
					"@executable_path/Frameworks",
					"@loader_path/Frameworks",
				);
				PRODUCT_BUNDLE_IDENTIFIER = com.ling.www.LHExpandMenuViewUITests;
				PRODUCT_NAME = "$(TARGET_NAME)";
				TARGETED_DEVICE_FAMILY = "1,2";
				TEST_TARGET_NAME = LHExpandMenuView;
			};
			name = Release;
		};
/* End XCBuildConfiguration section */

/* Begin XCConfigurationList section */
		7EF7348A2248CC6E00AF71D9 /* Build configuration list for PBXProject "LHExpandMenuView" */ = {
			isa = XCConfigurationList;
			buildConfigurations = (
				7EF734B92248CC6F00AF71D9 /* Debug */,
				7EF734BA2248CC6F00AF71D9 /* Release */,
			);
			defaultConfigurationIsVisible = 0;
			defaultConfigurationName = Release;
		};
		7EF734BB2248CC6F00AF71D9 /* Build configuration list for PBXNativeTarget "LHExpandMenuView" */ = {
			isa = XCConfigurationList;
			buildConfigurations = (
				7EF734BC2248CC6F00AF71D9 /* Debug */,
				7EF734BD2248CC6F00AF71D9 /* Release */,
			);
			defaultConfigurationIsVisible = 0;
			defaultConfigurationName = Release;
		};
		7EF734BE2248CC6F00AF71D9 /* Build configuration list for PBXNativeTarget "LHExpandMenuViewTests" */ = {
			isa = XCConfigurationList;
			buildConfigurations = (
				7EF734BF2248CC6F00AF71D9 /* Debug */,
				7EF734C02248CC6F00AF71D9 /* Release */,
			);
			defaultConfigurationIsVisible = 0;
			defaultConfigurationName = Release;
		};
		7EF734C12248CC6F00AF71D9 /* Build configuration list for PBXNativeTarget "LHExpandMenuViewUITests" */ = {
			isa = XCConfigurationList;
			buildConfigurations = (
				7EF734C22248CC6F00AF71D9 /* Debug */,
				7EF734C32248CC6F00AF71D9 /* Release */,
			);
			defaultConfigurationIsVisible = 0;
			defaultConfigurationName = Release;
		};
/* End XCConfigurationList section */
	};
	rootObject = 7EF734872248CC6E00AF71D9 /* Project object */;
}
